
Microsoft Visual Studio Solution File, Format Version 12.00
# Visual Studio Version 17
VisualStudioVersion = 17.1.32228.430
MinimumVisualStudioVersion = 10.0.40219.1
Project("{FAE04EC0-301F-11D3-BF4B-00C04F79EFBC}") = "CalculadoraMontos", "CalculadoraMontos\CalculadoraMontos.csproj", "{0B4FB6D1-4B35-49B3-990B-2B829CD28C0B}"
EndProject
Project("{FAE04EC0-301F-11D3-BF4B-00C04F79EFBC}") = "PromedioNotas", "PromedioNotas\PromedioNotas.csproj", "{30E434B3-BBD3-4CA9-A38E-C00C6D2F702A}"
EndProject
Project("{FAE04EC0-301F-11D3-BF4B-00C04F79EFBC}") = "ConversionMedidas", "ConversionMedidas\ConversionMedidas.csproj", "{A4224736-E183-4F63-BFAF-1EABB0E93A55}"
EndProject
Project("{FAE04EC0-301F-11D3-BF4B-00C04F79EFBC}") = "CapitalEmpresa", "CapitalEmpresa\CapitalEmpresa.csproj", "{33B947C0-3B2A-4D99-8833-415BE32F6399}"
EndProject
Global
	GlobalSection(SolutionConfigurationPlatforms) = preSolution
		Debug|Any CPU = Debug|Any CPU
		Release|Any CPU = Release|Any CPU
	EndGlobalSection
	GlobalSection(ProjectConfigurationPlatforms) = postSolution
		{0B4FB6D1-4B35-49B3-990B-2B829CD28C0B}.Debug|Any CPU.ActiveCfg = Debug|Any CPU
		{0B4FB6D1-4B35-49B3-990B-2B829CD28C0B}.Debug|Any CPU.Build.0 = Debug|Any CPU
		{0B4FB6D1-4B35-49B3-990B-2B829CD28C0B}.Release|Any CPU.ActiveCfg = Release|Any CPU
		{0B4FB6D1-4B35-49B3-990B-2B829CD28C0B}.Release|Any CPU.Build.0 = Release|Any CPU
		{30E434B3-BBD3-4CA9-A38E-C00C6D2F702A}.Debug|Any CPU.ActiveCfg = Debug|Any CPU
		{30E434B3-BBD3-4CA9-A38E-C00C6D2F702A}.Debug|Any CPU.Build.0 = Debug|Any CPU
		{30E434B3-BBD3-4CA9-A38E-C00C6D2F702A}.Release|Any CPU.ActiveCfg = Release|Any CPU
		{30E434B3-BBD3-4CA9-A38E-C00C6D2F702A}.Release|Any CPU.Build.0 = Release|Any CPU
		{A4224736-E183-4F63-BFAF-1EABB0E93A55}.Debug|Any CPU.ActiveCfg = Debug|Any CPU
		{A4224736-E183-4F63-BFAF-1EABB0E93A55}.Debug|Any CPU.Build.0 = Debug|Any CPU
		{A4224736-E183-4F63-BFAF-1EABB0E93A55}.Release|Any CPU.ActiveCfg = Release|Any CPU
		{A4224736-E183-4F63-BFAF-1EABB0E93A55}.Release|Any CPU.Build.0 = Release|Any CPU
		{33B947C0-3B2A-4D99-8833-415BE32F6399}.Debug|Any CPU.ActiveCfg = Debug|Any CPU
		{33B947C0-3B2A-4D99-8833-415BE32F6399}.Debug|Any CPU.Build.0 = Debug|Any CPU
		{33B947C0-3B2A-4D99-8833-415BE32F6399}.Release|Any CPU.ActiveCfg = Release|Any CPU
		{33B947C0-3B2A-4D99-8833-415BE32F6399}.Release|Any CPU.Build.0 = Release|Any CPU
	EndGlobalSection
	GlobalSection(SolutionProperties) = preSolution
		HideSolutionNode = FALSE
	EndGlobalSection
	GlobalSection(ExtensibilityGlobals) = postSolution
		SolutionGuid = {55D74CDE-C4BC-443D-A4CF-549E26513010}
	EndGlobalSection
EndGlobal
